
Microsoft Visual Studio Solution File, Format Version 12.00
# Visual Studio Version 17
VisualStudioVersion = 17.9.34616.47
MinimumVisualStudioVersion = 10.0.40219.1
Project("{2150E333-8FDC-42A3-9474-1A3956D46DE8}") = "Services", "Services", "{6352EFF4-4C6F-466D-9C72-F1CC951D0154}"
EndProject
Project("{2150E333-8FDC-42A3-9474-1A3956D46DE8}") = "Catalog", "Catalog", "{2BD459C3-2E76-4BA7-839E-B2925FFBE577}"
EndProject
Project("{FAE04EC0-301F-11D3-BF4B-00C04F79EFBC}") = "Catalog.API", "Services\Catalog\Catalog.API\Catalog.API.csproj", "{912F3345-7A07-400B-9E9B-1F12367D6038}"
EndProject
Project("{2150E333-8FDC-42A3-9474-1A3956D46DE8}") = "BuildingBlocks", "BuildingBlocks", "{46E89376-C58E-4F74-BB62-74ED22435D28}"
EndProject
Project("{FAE04EC0-301F-11D3-BF4B-00C04F79EFBC}") = "BuildingBlocks", "BuildingBlocks\BuildingBlocks\BuildingBlocks.csproj", "{AA0A4EF3-1E99-4EAF-82A8-4516C55FC85E}"
EndProject
Project("{E53339B2-1760-4266-BCC7-CA923CBCF16C}") = "docker-compose", "docker-compose.dcproj", "{90AF5CC3-3C33-419E-91AB-18E779462611}"
EndProject
Global
	GlobalSection(SolutionConfigurationPlatforms) = preSolution
		Debug|Any CPU = Debug|Any CPU
		Release|Any CPU = Release|Any CPU
	EndGlobalSection
	GlobalSection(ProjectConfigurationPlatforms) = postSolution
		{912F3345-7A07-400B-9E9B-1F12367D6038}.Debug|Any CPU.ActiveCfg = Debug|Any CPU
		{912F3345-7A07-400B-9E9B-1F12367D6038}.Debug|Any CPU.Build.0 = Debug|Any CPU
		{912F3345-7A07-400B-9E9B-1F12367D6038}.Release|Any CPU.ActiveCfg = Release|Any CPU
		{912F3345-7A07-400B-9E9B-1F12367D6038}.Release|Any CPU.Build.0 = Release|Any CPU
		{AA0A4EF3-1E99-4EAF-82A8-4516C55FC85E}.Debug|Any CPU.ActiveCfg = Debug|Any CPU
		{AA0A4EF3-1E99-4EAF-82A8-4516C55FC85E}.Debug|Any CPU.Build.0 = Debug|Any CPU
		{AA0A4EF3-1E99-4EAF-82A8-4516C55FC85E}.Release|Any CPU.ActiveCfg = Release|Any CPU
		{AA0A4EF3-1E99-4EAF-82A8-4516C55FC85E}.Release|Any CPU.Build.0 = Release|Any CPU
		{90AF5CC3-3C33-419E-91AB-18E779462611}.Debug|Any CPU.ActiveCfg = Debug|Any CPU
		{90AF5CC3-3C33-419E-91AB-18E779462611}.Debug|Any CPU.Build.0 = Debug|Any CPU
		{90AF5CC3-3C33-419E-91AB-18E779462611}.Release|Any CPU.ActiveCfg = Release|Any CPU
		{90AF5CC3-3C33-419E-91AB-18E779462611}.Release|Any CPU.Build.0 = Release|Any CPU
	EndGlobalSection
	GlobalSection(SolutionProperties) = preSolution
		HideSolutionNode = FALSE
	EndGlobalSection
	GlobalSection(NestedProjects) = preSolution
		{2BD459C3-2E76-4BA7-839E-B2925FFBE577} = {6352EFF4-4C6F-466D-9C72-F1CC951D0154}
		{912F3345-7A07-400B-9E9B-1F12367D6038} = {2BD459C3-2E76-4BA7-839E-B2925FFBE577}
		{AA0A4EF3-1E99-4EAF-82A8-4516C55FC85E} = {46E89376-C58E-4F74-BB62-74ED22435D28}
	EndGlobalSection
	GlobalSection(ExtensibilityGlobals) = postSolution
		SolutionGuid = {36616A45-790C-4A20-8363-E18A2822C8C6}
	EndGlobalSection
EndGlobal
